
Microsoft Visual Studio Solution File, Format Version 12.00
# Visual Studio Version 16
VisualStudioVersion = 16.0.29215.179
MinimumVisualStudioVersion = 10.0.40219.1
Project("{2150E333-8FDC-42A3-9474-1A3956D46DE8}") = "Week 1", "Week 1", "{78F9A9CC-782A-449E-86D8-0D8752F7872B}"
EndProject
Project("{8BC9CEB8-8B4A-11D0-8D11-00A0C91BC942}") = "Hello World", "Week 1\Hello World\Hello World.vcxproj", "{F3D57FBF-E601-4638-96F5-0328732865FA}"
EndProject
Project("{2150E333-8FDC-42A3-9474-1A3956D46DE8}") = "Week 2", "Week 2", "{91046925-4DD9-4C87-907D-9488E3DB93AF}"
EndProject
Project("{8BC9CEB8-8B4A-11D0-8D11-00A0C91BC942}") = "RestaurantBill", "Week 2\RestaurantBill\RestaurantBill.vcxproj", "{6E47E31B-DFE5-463D-B7C6-442AB59CEA92}"
EndProject
Project("{8BC9CEB8-8B4A-11D0-8D11-00A0C91BC942}") = "InchesToHeight", "Week 2\InchesToHeight\InchesToHeight.vcxproj", "{9F0744C5-9FE2-4FE0-B65E-9CA627B5534D}"
EndProject
Project("{8BC9CEB8-8B4A-11D0-8D11-00A0C91BC942}") = "DistancePerTank", "Week 2\DistancePerTank\DistancePerTank.vcxproj", "{E6E64327-FFD0-408C-9B18-31066AD7DEAC}"
EndProject
Project("{8BC9CEB8-8B4A-11D0-8D11-00A0C91BC942}") = "Test", "Week 1\Test\Test.vcxproj", "{91B39347-84B4-43DF-8552-AFC76577BF04}"
EndProject
Project("{2150E333-8FDC-42A3-9474-1A3956D46DE8}") = "Week 3", "Week 3", "{4891CB09-CA1D-4C74-8206-E16A5EBA8B97}"
EndProject
Project("{8BC9CEB8-8B4A-11D0-8D11-00A0C91BC942}") = "Serendipity", "Week 3\Serendipity\Serendipity.vcxproj", "{996EC138-D259-4C41-85AB-57A52BB43765}"
EndProject
Project("{2150E333-8FDC-42A3-9474-1A3956D46DE8}") = "Week 4", "Week 4", "{08570573-75BE-4F17-B36A-993E26C23465}"
EndProject
Project("{8BC9CEB8-8B4A-11D0-8D11-00A0C91BC942}") = "StadiumSeats", "Week 4\StadiumSeats\StadiumSeats.vcxproj", "{6D0424DA-9CE8-4D04-BDC4-ADFDE0ACB391}"
EndProject
Project("{8BC9CEB8-8B4A-11D0-8D11-00A0C91BC942}") = "BoxOffice", "Week 4\BoxOffice\BoxOffice.vcxproj", "{7D65C45C-7D3A-474F-829B-71B5548EBA36}"
EndProject
Project("{8BC9CEB8-8B4A-11D0-8D11-00A0C91BC942}") = "PropertyTax", "Week 4\PropertyTax\PropertyTax.vcxproj", "{235DAAF3-FF58-422C-92CF-EEFBD82FB9FD}"
EndProject
Project("{2150E333-8FDC-42A3-9474-1A3956D46DE8}") = "Week 6", "Week 6", "{93ED9712-0F03-4D9F-A309-23C747CDAC23}"
EndProject
Project("{8BC9CEB8-8B4A-11D0-8D11-00A0C91BC942}") = "SoftwareSales", "Week 6\SoftwareSales\SoftwareSales.vcxproj", "{734038BA-17EC-49B0-BA31-568A6C221289}"
EndProject
Project("{8BC9CEB8-8B4A-11D0-8D11-00A0C91BC942}") = "GeometryCalculator", "Week 6\GeometryCalculator\GeometryCalculator.vcxproj", "{1B6EBED0-BBED-4C02-B89D-BE28F78535BE}"
EndProject
Project("{8BC9CEB8-8B4A-11D0-8D11-00A0C91BC942}") = "PhoneService", "Week 6\PhoneService\PhoneService.vcxproj", "{B5156EE2-6DF2-416E-AB91-6D1A9B57EA38}"
EndProject
Global
	GlobalSection(SolutionConfigurationPlatforms) = preSolution
		Debug|x64 = Debug|x64
		Debug|x86 = Debug|x86
		Release|x64 = Release|x64
		Release|x86 = Release|x86
	EndGlobalSection
	GlobalSection(ProjectConfigurationPlatforms) = postSolution
		{F3D57FBF-E601-4638-96F5-0328732865FA}.Debug|x64.ActiveCfg = Debug|x64
		{F3D57FBF-E601-4638-96F5-0328732865FA}.Debug|x64.Build.0 = Debug|x64
		{F3D57FBF-E601-4638-96F5-0328732865FA}.Debug|x86.ActiveCfg = Debug|Win32
		{F3D57FBF-E601-4638-96F5-0328732865FA}.Debug|x86.Build.0 = Debug|Win32
		{F3D57FBF-E601-4638-96F5-0328732865FA}.Release|x64.ActiveCfg = Release|x64
		{F3D57FBF-E601-4638-96F5-0328732865FA}.Release|x64.Build.0 = Release|x64
		{F3D57FBF-E601-4638-96F5-0328732865FA}.Release|x86.ActiveCfg = Release|Win32
		{F3D57FBF-E601-4638-96F5-0328732865FA}.Release|x86.Build.0 = Release|Win32
		{6E47E31B-DFE5-463D-B7C6-442AB59CEA92}.Debug|x64.ActiveCfg = Debug|x64
		{6E47E31B-DFE5-463D-B7C6-442AB59CEA92}.Debug|x64.Build.0 = Debug|x64
		{6E47E31B-DFE5-463D-B7C6-442AB59CEA92}.Debug|x86.ActiveCfg = Debug|Win32
		{6E47E31B-DFE5-463D-B7C6-442AB59CEA92}.Debug|x86.Build.0 = Debug|Win32
		{6E47E31B-DFE5-463D-B7C6-442AB59CEA92}.Release|x64.ActiveCfg = Release|x64
		{6E47E31B-DFE5-463D-B7C6-442AB59CEA92}.Release|x64.Build.0 = Release|x64
		{6E47E31B-DFE5-463D-B7C6-442AB59CEA92}.Release|x86.ActiveCfg = Release|Win32
		{6E47E31B-DFE5-463D-B7C6-442AB59CEA92}.Release|x86.Build.0 = Release|Win32
		{9F0744C5-9FE2-4FE0-B65E-9CA627B5534D}.Debug|x64.ActiveCfg = Debug|x64
		{9F0744C5-9FE2-4FE0-B65E-9CA627B5534D}.Debug|x64.Build.0 = Debug|x64
		{9F0744C5-9FE2-4FE0-B65E-9CA627B5534D}.Debug|x86.ActiveCfg = Debug|Win32
		{9F0744C5-9FE2-4FE0-B65E-9CA627B5534D}.Debug|x86.Build.0 = Debug|Win32
		{9F0744C5-9FE2-4FE0-B65E-9CA627B5534D}.Release|x64.ActiveCfg = Release|x64
		{9F0744C5-9FE2-4FE0-B65E-9CA627B5534D}.Release|x64.Build.0 = Release|x64
		{9F0744C5-9FE2-4FE0-B65E-9CA627B5534D}.Release|x86.ActiveCfg = Release|Win32
		{9F0744C5-9FE2-4FE0-B65E-9CA627B5534D}.Release|x86.Build.0 = Release|Win32
		{E6E64327-FFD0-408C-9B18-31066AD7DEAC}.Debug|x64.ActiveCfg = Debug|x64
		{E6E64327-FFD0-408C-9B18-31066AD7DEAC}.Debug|x64.Build.0 = Debug|x64
		{E6E64327-FFD0-408C-9B18-31066AD7DEAC}.Debug|x86.ActiveCfg = Debug|Win32
		{E6E64327-FFD0-408C-9B18-31066AD7DEAC}.Debug|x86.Build.0 = Debug|Win32
		{E6E64327-FFD0-408C-9B18-31066AD7DEAC}.Release|x64.ActiveCfg = Release|x64
		{E6E64327-FFD0-408C-9B18-31066AD7DEAC}.Release|x64.Build.0 = Release|x64
		{E6E64327-FFD0-408C-9B18-31066AD7DEAC}.Release|x86.ActiveCfg = Release|Win32
		{E6E64327-FFD0-408C-9B18-31066AD7DEAC}.Release|x86.Build.0 = Release|Win32
		{91B39347-84B4-43DF-8552-AFC76577BF04}.Debug|x64.ActiveCfg = Debug|x64
		{91B39347-84B4-43DF-8552-AFC76577BF04}.Debug|x64.Build.0 = Debug|x64
		{91B39347-84B4-43DF-8552-AFC76577BF04}.Debug|x86.ActiveCfg = Debug|Win32
		{91B39347-84B4-43DF-8552-AFC76577BF04}.Debug|x86.Build.0 = Debug|Win32
		{91B39347-84B4-43DF-8552-AFC76577BF04}.Release|x64.ActiveCfg = Release|x64
		{91B39347-84B4-43DF-8552-AFC76577BF04}.Release|x64.Build.0 = Release|x64
		{91B39347-84B4-43DF-8552-AFC76577BF04}.Release|x86.ActiveCfg = Release|Win32
		{91B39347-84B4-43DF-8552-AFC76577BF04}.Release|x86.Build.0 = Release|Win32
		{996EC138-D259-4C41-85AB-57A52BB43765}.Debug|x64.ActiveCfg = Debug|x64
		{996EC138-D259-4C41-85AB-57A52BB43765}.Debug|x64.Build.0 = Debug|x64
		{996EC138-D259-4C41-85AB-57A52BB43765}.Debug|x86.ActiveCfg = Debug|Win32
		{996EC138-D259-4C41-85AB-57A52BB43765}.Debug|x86.Build.0 = Debug|Win32
		{996EC138-D259-4C41-85AB-57A52BB43765}.Release|x64.ActiveCfg = Release|x64
		{996EC138-D259-4C41-85AB-57A52BB43765}.Release|x64.Build.0 = Release|x64
		{996EC138-D259-4C41-85AB-57A52BB43765}.Release|x86.ActiveCfg = Release|Win32
		{996EC138-D259-4C41-85AB-57A52BB43765}.Release|x86.Build.0 = Release|Win32
		{6D0424DA-9CE8-4D04-BDC4-ADFDE0ACB391}.Debug|x64.ActiveCfg = Debug|x64
		{6D0424DA-9CE8-4D04-BDC4-ADFDE0ACB391}.Debug|x64.Build.0 = Debug|x64
		{6D0424DA-9CE8-4D04-BDC4-ADFDE0ACB391}.Debug|x86.ActiveCfg = Debug|Win32
		{6D0424DA-9CE8-4D04-BDC4-ADFDE0ACB391}.Debug|x86.Build.0 = Debug|Win32
		{6D0424DA-9CE8-4D04-BDC4-ADFDE0ACB391}.Release|x64.ActiveCfg = Release|x64
		{6D0424DA-9CE8-4D04-BDC4-ADFDE0ACB391}.Release|x64.Build.0 = Release|x64
		{6D0424DA-9CE8-4D04-BDC4-ADFDE0ACB391}.Release|x86.ActiveCfg = Release|Win32
		{6D0424DA-9CE8-4D04-BDC4-ADFDE0ACB391}.Release|x86.Build.0 = Release|Win32
		{7D65C45C-7D3A-474F-829B-71B5548EBA36}.Debug|x64.ActiveCfg = Debug|x64
		{7D65C45C-7D3A-474F-829B-71B5548EBA36}.Debug|x64.Build.0 = Debug|x64
		{7D65C45C-7D3A-474F-829B-71B5548EBA36}.Debug|x86.ActiveCfg = Debug|Win32
		{7D65C45C-7D3A-474F-829B-71B5548EBA36}.Debug|x86.Build.0 = Debug|Win32
		{7D65C45C-7D3A-474F-829B-71B5548EBA36}.Release|x64.ActiveCfg = Release|x64
		{7D65C45C-7D3A-474F-829B-71B5548EBA36}.Release|x64.Build.0 = Release|x64
		{7D65C45C-7D3A-474F-829B-71B5548EBA36}.Release|x86.ActiveCfg = Release|Win32
		{7D65C45C-7D3A-474F-829B-71B5548EBA36}.Release|x86.Build.0 = Release|Win32
		{235DAAF3-FF58-422C-92CF-EEFBD82FB9FD}.Debug|x64.ActiveCfg = Debug|x64
		{235DAAF3-FF58-422C-92CF-EEFBD82FB9FD}.Debug|x64.Build.0 = Debug|x64
		{235DAAF3-FF58-422C-92CF-EEFBD82FB9FD}.Debug|x86.ActiveCfg = Debug|Win32
		{235DAAF3-FF58-422C-92CF-EEFBD82FB9FD}.Debug|x86.Build.0 = Debug|Win32
		{235DAAF3-FF58-422C-92CF-EEFBD82FB9FD}.Release|x64.ActiveCfg = Release|x64
		{235DAAF3-FF58-422C-92CF-EEFBD82FB9FD}.Release|x64.Build.0 = Release|x64
		{235DAAF3-FF58-422C-92CF-EEFBD82FB9FD}.Release|x86.ActiveCfg = Release|Win32
		{235DAAF3-FF58-422C-92CF-EEFBD82FB9FD}.Release|x86.Build.0 = Release|Win32
		{734038BA-17EC-49B0-BA31-568A6C221289}.Debug|x64.ActiveCfg = Debug|x64
		{734038BA-17EC-49B0-BA31-568A6C221289}.Debug|x64.Build.0 = Debug|x64
		{734038BA-17EC-49B0-BA31-568A6C221289}.Debug|x86.ActiveCfg = Debug|Win32
		{734038BA-17EC-49B0-BA31-568A6C221289}.Debug|x86.Build.0 = Debug|Win32
		{734038BA-17EC-49B0-BA31-568A6C221289}.Release|x64.ActiveCfg = Release|x64
		{734038BA-17EC-49B0-BA31-568A6C221289}.Release|x64.Build.0 = Release|x64
		{734038BA-17EC-49B0-BA31-568A6C221289}.Release|x86.ActiveCfg = Release|Win32
		{734038BA-17EC-49B0-BA31-568A6C221289}.Release|x86.Build.0 = Release|Win32
		{1B6EBED0-BBED-4C02-B89D-BE28F78535BE}.Debug|x64.ActiveCfg = Debug|x64
		{1B6EBED0-BBED-4C02-B89D-BE28F78535BE}.Debug|x64.Build.0 = Debug|x64
		{1B6EBED0-BBED-4C02-B89D-BE28F78535BE}.Debug|x86.ActiveCfg = Debug|Win32
		{1B6EBED0-BBED-4C02-B89D-BE28F78535BE}.Debug|x86.Build.0 = Debug|Win32
		{1B6EBED0-BBED-4C02-B89D-BE28F78535BE}.Release|x64.ActiveCfg = Release|x64
		{1B6EBED0-BBED-4C02-B89D-BE28F78535BE}.Release|x64.Build.0 = Release|x64
		{1B6EBED0-BBED-4C02-B89D-BE28F78535BE}.Release|x86.ActiveCfg = Release|Win32
		{1B6EBED0-BBED-4C02-B89D-BE28F78535BE}.Release|x86.Build.0 = Release|Win32
		{B5156EE2-6DF2-416E-AB91-6D1A9B57EA38}.Debug|x64.ActiveCfg = Debug|x64
		{B5156EE2-6DF2-416E-AB91-6D1A9B57EA38}.Debug|x64.Build.0 = Debug|x64
		{B5156EE2-6DF2-416E-AB91-6D1A9B57EA38}.Debug|x86.ActiveCfg = Debug|Win32
		{B5156EE2-6DF2-416E-AB91-6D1A9B57EA38}.Debug|x86.Build.0 = Debug|Win32
		{B5156EE2-6DF2-416E-AB91-6D1A9B57EA38}.Release|x64.ActiveCfg = Release|x64
		{B5156EE2-6DF2-416E-AB91-6D1A9B57EA38}.Release|x64.Build.0 = Release|x64
		{B5156EE2-6DF2-416E-AB91-6D1A9B57EA38}.Release|x86.ActiveCfg = Release|Win32
		{B5156EE2-6DF2-416E-AB91-6D1A9B57EA38}.Release|x86.Build.0 = Release|Win32
	EndGlobalSection
	GlobalSection(SolutionProperties) = preSolution
		HideSolutionNode = FALSE
	EndGlobalSection
	GlobalSection(NestedProjects) = preSolution
		{F3D57FBF-E601-4638-96F5-0328732865FA} = {78F9A9CC-782A-449E-86D8-0D8752F7872B}
		{6E47E31B-DFE5-463D-B7C6-442AB59CEA92} = {91046925-4DD9-4C87-907D-9488E3DB93AF}
		{9F0744C5-9FE2-4FE0-B65E-9CA627B5534D} = {91046925-4DD9-4C87-907D-9488E3DB93AF}
		{E6E64327-FFD0-408C-9B18-31066AD7DEAC} = {91046925-4DD9-4C87-907D-9488E3DB93AF}
		{91B39347-84B4-43DF-8552-AFC76577BF04} = {78F9A9CC-782A-449E-86D8-0D8752F7872B}
		{996EC138-D259-4C41-85AB-57A52BB43765} = {4891CB09-CA1D-4C74-8206-E16A5EBA8B97}
		{6D0424DA-9CE8-4D04-BDC4-ADFDE0ACB391} = {08570573-75BE-4F17-B36A-993E26C23465}
		{7D65C45C-7D3A-474F-829B-71B5548EBA36} = {08570573-75BE-4F17-B36A-993E26C23465}
		{235DAAF3-FF58-422C-92CF-EEFBD82FB9FD} = {08570573-75BE-4F17-B36A-993E26C23465}
		{734038BA-17EC-49B0-BA31-568A6C221289} = {93ED9712-0F03-4D9F-A309-23C747CDAC23}
		{1B6EBED0-BBED-4C02-B89D-BE28F78535BE} = {93ED9712-0F03-4D9F-A309-23C747CDAC23}
		{B5156EE2-6DF2-416E-AB91-6D1A9B57EA38} = {93ED9712-0F03-4D9F-A309-23C747CDAC23}
	EndGlobalSection
	GlobalSection(ExtensibilityGlobals) = postSolution
		SolutionGuid = {6330CD7D-6F95-4AC2-87D2-3C5552650324}
	EndGlobalSection
EndGlobal
