
Microsoft Visual Studio Solution File, Format Version 12.00
# Visual Studio Version 16
VisualStudioVersion = 16.0.29215.179
MinimumVisualStudioVersion = 10.0.40219.1
Project("{2150E333-8FDC-42A3-9474-1A3956D46DE8}") = "Week 1", "Week 1", "{78F9A9CC-782A-449E-86D8-0D8752F7872B}"
EndProject
Project("{8BC9CEB8-8B4A-11D0-8D11-00A0C91BC942}") = "Hello World", "Week 1\Hello World\Hello World.vcxproj", "{F3D57FBF-E601-4638-96F5-0328732865FA}"
EndProject
Project("{2150E333-8FDC-42A3-9474-1A3956D46DE8}") = "Week 2", "Week 2", "{91046925-4DD9-4C87-907D-9488E3DB93AF}"
EndProject
Project("{8BC9CEB8-8B4A-11D0-8D11-00A0C91BC942}") = "RestaurantBill", "Week 2\RestaurantBill\RestaurantBill.vcxproj", "{6E47E31B-DFE5-463D-B7C6-442AB59CEA92}"
EndProject
Project("{8BC9CEB8-8B4A-11D0-8D11-00A0C91BC942}") = "InchesToHeight", "Week 2\InchesToHeight\InchesToHeight.vcxproj", "{9F0744C5-9FE2-4FE0-B65E-9CA627B5534D}"
EndProject
Project("{8BC9CEB8-8B4A-11D0-8D11-00A0C91BC942}") = "DistancePerTank", "Week 2\DistancePerTank\DistancePerTank.vcxproj", "{E6E64327-FFD0-408C-9B18-31066AD7DEAC}"
EndProject
Project("{8BC9CEB8-8B4A-11D0-8D11-00A0C91BC942}") = "Test", "Week 1\Test\Test.vcxproj", "{91B39347-84B4-43DF-8552-AFC76577BF04}"
EndProject
Project("{2150E333-8FDC-42A3-9474-1A3956D46DE8}") = "Week 3", "Week 3", "{4891CB09-CA1D-4C74-8206-E16A5EBA8B97}"
EndProject
Project("{8BC9CEB8-8B4A-11D0-8D11-00A0C91BC942}") = "Serendipity", "Week 3\Serendipity\Serendipity.vcxproj", "{996EC138-D259-4C41-85AB-57A52BB43765}"
EndProject
Project("{2150E333-8FDC-42A3-9474-1A3956D46DE8}") = "Week 4", "Week 4", "{08570573-75BE-4F17-B36A-993E26C23465}"
EndProject
Project("{8BC9CEB8-8B4A-11D0-8D11-00A0C91BC942}") = "StadiumSeats", "Week 4\StadiumSeats\StadiumSeats.vcxproj", "{6D0424DA-9CE8-4D04-BDC4-ADFDE0ACB391}"
EndProject
Project("{8BC9CEB8-8B4A-11D0-8D11-00A0C91BC942}") = "BoxOffice", "Week 4\BoxOffice\BoxOffice.vcxproj", "{7D65C45C-7D3A-474F-829B-71B5548EBA36}"
EndProject
Project("{8BC9CEB8-8B4A-11D0-8D11-00A0C91BC942}") = "PropertyTax", "Week 4\PropertyTax\PropertyTax.vcxproj", "{235DAAF3-FF58-422C-92CF-EEFBD82FB9FD}"
EndProject
Project("{2150E333-8FDC-42A3-9474-1A3956D46DE8}") = "Week 6", "Week 6", "{93ED9712-0F03-4D9F-A309-23C747CDAC23}"
EndProject
Project("{8BC9CEB8-8B4A-11D0-8D11-00A0C91BC942}") = "SoftwareSales", "Week 6\SoftwareSales\SoftwareSales.vcxproj", "{734038BA-17EC-49B0-BA31-568A6C221289}"
EndProject
Project("{8BC9CEB8-8B4A-11D0-8D11-00A0C91BC942}") = "GeometryCalculator", "Week 6\GeometryCalculator\GeometryCalculator.vcxproj", "{1B6EBED0-BBED-4C02-B89D-BE28F78535BE}"
EndProject
Project("{8BC9CEB8-8B4A-11D0-8D11-00A0C91BC942}") = "PhoneService", "Week 6\PhoneService\PhoneService.vcxproj", "{B5156EE2-6DF2-416E-AB91-6D1A9B57EA38}"
EndProject
Project("{2150E333-8FDC-42A3-9474-1A3956D46DE8}") = "Week 8", "Week 8", "{17BD49FF-5547-4AAD-AED0-8F9327E372E0}"
EndProject
Project("{8BC9CEB8-8B4A-11D0-8D11-00A0C91BC942}") = "HotelSuites", "Week 8\HotelSuites\HotelSuites.vcxproj", "{E78BF022-63C9-4C6E-8CDB-20CD1FC7F5ED}"
EndProject
Project("{8BC9CEB8-8B4A-11D0-8D11-00A0C91BC942}") = "SalesBarChart", "Week 8\SalesBarChart\SalesBarChart.vcxproj", "{8CA03942-256C-405E-9B57-6E106F35F9E9}"
EndProject
Project("{8BC9CEB8-8B4A-11D0-8D11-00A0C91BC942}") = "SavingsAccount", "Week 8\SavingsAccount\SavingsAccount.vcxproj", "{FFDE6242-6AE5-4C98-8949-48FB53A13AF3}"
EndProject
Project("{2150E333-8FDC-42A3-9474-1A3956D46DE8}") = "Week 9", "Week 9", "{9EB82283-F0B0-44B5-9C4D-12E8B0F5129D}"
EndProject
Project("{8BC9CEB8-8B4A-11D0-8D11-00A0C91BC942}") = "StudentLineUp", "Week 9\StudentLineUp\StudentLineUp.vcxproj", "{65942BBE-9671-458B-8816-15952E69B4F3}"
EndProject
Project("{2150E333-8FDC-42A3-9474-1A3956D46DE8}") = "zWeek 10", "zWeek 10", "{21029858-FD03-4B3D-A9C6-5B1B653B24E6}"
EndProject
Project("{8BC9CEB8-8B4A-11D0-8D11-00A0C91BC942}") = "Prime", "Week 10\Prime\Prime.vcxproj", "{66182162-291A-4BE8-9832-E72727B5836B}"
EndProject
Project("{8BC9CEB8-8B4A-11D0-8D11-00A0C91BC942}") = "Markup", "Week 10\Markup\Markup.vcxproj", "{0A557C1C-77ED-457F-9603-B8C6CFB21819}"
EndProject
Project("{8BC9CEB8-8B4A-11D0-8D11-00A0C91BC942}") = "Hospital", "Week 10\Hospital\Hospital.vcxproj", "{427B7369-4C1D-4625-8515-5C217EEB8E42}"
EndProject
Project("{8BC9CEB8-8B4A-11D0-8D11-00A0C91BC942}") = "Judges", "Week 10\Judges\Judges.vcxproj", "{E3DE5E93-5411-4189-B0E8-3E5DF4449B2E}"
EndProject
Project("{2150E333-8FDC-42A3-9474-1A3956D46DE8}") = "Classwork", "Classwork", "{130A2E16-015A-4007-8B3F-50F831625538}"
EndProject
Project("{8BC9CEB8-8B4A-11D0-8D11-00A0C91BC942}") = "Functions", "Classwork\Functions\Functions.vcxproj", "{E2BD349C-7C5B-47C7-9928-3457447C6489}"
EndProject
Project("{2150E333-8FDC-42A3-9474-1A3956D46DE8}") = "zWeek 12", "zWeek 12", "{816F31E7-80CD-42DD-B378-9F0E801ABC5C}"
EndProject
Project("{8BC9CEB8-8B4A-11D0-8D11-00A0C91BC942}") = "InventoryClass", "zWeek 12\InventoryClass\InventoryClass.vcxproj", "{E3718E5C-577B-4D8A-8933-DD0BE60A19ED}"
EndProject
Project("{8BC9CEB8-8B4A-11D0-8D11-00A0C91BC942}") = "MovieData", "zWeek 12\MovieData\MovieData.vcxproj", "{D409CFA4-E19E-473A-86EB-4468BA7264A1}"
EndProject
Project("{8BC9CEB8-8B4A-11D0-8D11-00A0C91BC942}") = "MovieProfit", "zWeek 12\MovieProfit\MovieProfit.vcxproj", "{E607A7AF-92A4-4AF7-A09B-75F58B659369}"
EndProject
Project("{8BC9CEB8-8B4A-11D0-8D11-00A0C91BC942}") = "Test", "Classwork\Test\Test.vcxproj", "{E5E484C8-23EF-4F6D-92A2-DF88E85F1E1C}"
EndProject
Project("{2150E333-8FDC-42A3-9474-1A3956D46DE8}") = "Final", "Final", "{9FEE1E54-FBB9-4405-BA5E-D7870BAAB2DF}"
EndProject
Project("{8BC9CEB8-8B4A-11D0-8D11-00A0C91BC942}") = "RPG", "Final\RPG\RPG.vcxproj", "{1BA27C46-F5DB-45B0-998D-9CB5DC1FA16B}"
EndProject
Project("{2150E333-8FDC-42A3-9474-1A3956D46DE8}") = "zWeek13", "zWeek13", "{30B88F3E-2680-41A2-9869-D98BE4F904F6}"
EndProject
Project("{8BC9CEB8-8B4A-11D0-8D11-00A0C91BC942}") = "SerendipityFinal", "zWeek13\SerendipityFinal\SerendipityFinal.vcxproj", "{33701883-5F04-4BAF-87FE-D62504BA4AF1}"
EndProject
Global
	GlobalSection(SolutionConfigurationPlatforms) = preSolution
		Debug|x64 = Debug|x64
		Debug|x86 = Debug|x86
		Release|x64 = Release|x64
		Release|x86 = Release|x86
	EndGlobalSection
	GlobalSection(ProjectConfigurationPlatforms) = postSolution
		{F3D57FBF-E601-4638-96F5-0328732865FA}.Debug|x64.ActiveCfg = Debug|x64
		{F3D57FBF-E601-4638-96F5-0328732865FA}.Debug|x64.Build.0 = Debug|x64
		{F3D57FBF-E601-4638-96F5-0328732865FA}.Debug|x86.ActiveCfg = Debug|Win32
		{F3D57FBF-E601-4638-96F5-0328732865FA}.Debug|x86.Build.0 = Debug|Win32
		{F3D57FBF-E601-4638-96F5-0328732865FA}.Release|x64.ActiveCfg = Release|x64
		{F3D57FBF-E601-4638-96F5-0328732865FA}.Release|x64.Build.0 = Release|x64
		{F3D57FBF-E601-4638-96F5-0328732865FA}.Release|x86.ActiveCfg = Release|Win32
		{F3D57FBF-E601-4638-96F5-0328732865FA}.Release|x86.Build.0 = Release|Win32
		{6E47E31B-DFE5-463D-B7C6-442AB59CEA92}.Debug|x64.ActiveCfg = Debug|x64
		{6E47E31B-DFE5-463D-B7C6-442AB59CEA92}.Debug|x64.Build.0 = Debug|x64
		{6E47E31B-DFE5-463D-B7C6-442AB59CEA92}.Debug|x86.ActiveCfg = Debug|Win32
		{6E47E31B-DFE5-463D-B7C6-442AB59CEA92}.Debug|x86.Build.0 = Debug|Win32
		{6E47E31B-DFE5-463D-B7C6-442AB59CEA92}.Release|x64.ActiveCfg = Release|x64
		{6E47E31B-DFE5-463D-B7C6-442AB59CEA92}.Release|x64.Build.0 = Release|x64
		{6E47E31B-DFE5-463D-B7C6-442AB59CEA92}.Release|x86.ActiveCfg = Release|Win32
		{6E47E31B-DFE5-463D-B7C6-442AB59CEA92}.Release|x86.Build.0 = Release|Win32
		{9F0744C5-9FE2-4FE0-B65E-9CA627B5534D}.Debug|x64.ActiveCfg = Debug|x64
		{9F0744C5-9FE2-4FE0-B65E-9CA627B5534D}.Debug|x64.Build.0 = Debug|x64
		{9F0744C5-9FE2-4FE0-B65E-9CA627B5534D}.Debug|x86.ActiveCfg = Debug|Win32
		{9F0744C5-9FE2-4FE0-B65E-9CA627B5534D}.Debug|x86.Build.0 = Debug|Win32
		{9F0744C5-9FE2-4FE0-B65E-9CA627B5534D}.Release|x64.ActiveCfg = Release|x64
		{9F0744C5-9FE2-4FE0-B65E-9CA627B5534D}.Release|x64.Build.0 = Release|x64
		{9F0744C5-9FE2-4FE0-B65E-9CA627B5534D}.Release|x86.ActiveCfg = Release|Win32
		{9F0744C5-9FE2-4FE0-B65E-9CA627B5534D}.Release|x86.Build.0 = Release|Win32
		{E6E64327-FFD0-408C-9B18-31066AD7DEAC}.Debug|x64.ActiveCfg = Debug|x64
		{E6E64327-FFD0-408C-9B18-31066AD7DEAC}.Debug|x64.Build.0 = Debug|x64
		{E6E64327-FFD0-408C-9B18-31066AD7DEAC}.Debug|x86.ActiveCfg = Debug|Win32
		{E6E64327-FFD0-408C-9B18-31066AD7DEAC}.Debug|x86.Build.0 = Debug|Win32
		{E6E64327-FFD0-408C-9B18-31066AD7DEAC}.Release|x64.ActiveCfg = Release|x64
		{E6E64327-FFD0-408C-9B18-31066AD7DEAC}.Release|x64.Build.0 = Release|x64
		{E6E64327-FFD0-408C-9B18-31066AD7DEAC}.Release|x86.ActiveCfg = Release|Win32
		{E6E64327-FFD0-408C-9B18-31066AD7DEAC}.Release|x86.Build.0 = Release|Win32
		{91B39347-84B4-43DF-8552-AFC76577BF04}.Debug|x64.ActiveCfg = Debug|x64
		{91B39347-84B4-43DF-8552-AFC76577BF04}.Debug|x64.Build.0 = Debug|x64
		{91B39347-84B4-43DF-8552-AFC76577BF04}.Debug|x86.ActiveCfg = Debug|Win32
		{91B39347-84B4-43DF-8552-AFC76577BF04}.Debug|x86.Build.0 = Debug|Win32
		{91B39347-84B4-43DF-8552-AFC76577BF04}.Release|x64.ActiveCfg = Release|x64
		{91B39347-84B4-43DF-8552-AFC76577BF04}.Release|x64.Build.0 = Release|x64
		{91B39347-84B4-43DF-8552-AFC76577BF04}.Release|x86.ActiveCfg = Release|Win32
		{91B39347-84B4-43DF-8552-AFC76577BF04}.Release|x86.Build.0 = Release|Win32
		{996EC138-D259-4C41-85AB-57A52BB43765}.Debug|x64.ActiveCfg = Debug|x64
		{996EC138-D259-4C41-85AB-57A52BB43765}.Debug|x64.Build.0 = Debug|x64
		{996EC138-D259-4C41-85AB-57A52BB43765}.Debug|x86.ActiveCfg = Debug|Win32
		{996EC138-D259-4C41-85AB-57A52BB43765}.Debug|x86.Build.0 = Debug|Win32
		{996EC138-D259-4C41-85AB-57A52BB43765}.Release|x64.ActiveCfg = Release|x64
		{996EC138-D259-4C41-85AB-57A52BB43765}.Release|x64.Build.0 = Release|x64
		{996EC138-D259-4C41-85AB-57A52BB43765}.Release|x86.ActiveCfg = Release|Win32
		{996EC138-D259-4C41-85AB-57A52BB43765}.Release|x86.Build.0 = Release|Win32
		{6D0424DA-9CE8-4D04-BDC4-ADFDE0ACB391}.Debug|x64.ActiveCfg = Debug|x64
		{6D0424DA-9CE8-4D04-BDC4-ADFDE0ACB391}.Debug|x64.Build.0 = Debug|x64
		{6D0424DA-9CE8-4D04-BDC4-ADFDE0ACB391}.Debug|x86.ActiveCfg = Debug|Win32
		{6D0424DA-9CE8-4D04-BDC4-ADFDE0ACB391}.Debug|x86.Build.0 = Debug|Win32
		{6D0424DA-9CE8-4D04-BDC4-ADFDE0ACB391}.Release|x64.ActiveCfg = Release|x64
		{6D0424DA-9CE8-4D04-BDC4-ADFDE0ACB391}.Release|x64.Build.0 = Release|x64
		{6D0424DA-9CE8-4D04-BDC4-ADFDE0ACB391}.Release|x86.ActiveCfg = Release|Win32
		{6D0424DA-9CE8-4D04-BDC4-ADFDE0ACB391}.Release|x86.Build.0 = Release|Win32
		{7D65C45C-7D3A-474F-829B-71B5548EBA36}.Debug|x64.ActiveCfg = Debug|x64
		{7D65C45C-7D3A-474F-829B-71B5548EBA36}.Debug|x64.Build.0 = Debug|x64
		{7D65C45C-7D3A-474F-829B-71B5548EBA36}.Debug|x86.ActiveCfg = Debug|Win32
		{7D65C45C-7D3A-474F-829B-71B5548EBA36}.Debug|x86.Build.0 = Debug|Win32
		{7D65C45C-7D3A-474F-829B-71B5548EBA36}.Release|x64.ActiveCfg = Release|x64
		{7D65C45C-7D3A-474F-829B-71B5548EBA36}.Release|x64.Build.0 = Release|x64
		{7D65C45C-7D3A-474F-829B-71B5548EBA36}.Release|x86.ActiveCfg = Release|Win32
		{7D65C45C-7D3A-474F-829B-71B5548EBA36}.Release|x86.Build.0 = Release|Win32
		{235DAAF3-FF58-422C-92CF-EEFBD82FB9FD}.Debug|x64.ActiveCfg = Debug|x64
		{235DAAF3-FF58-422C-92CF-EEFBD82FB9FD}.Debug|x64.Build.0 = Debug|x64
		{235DAAF3-FF58-422C-92CF-EEFBD82FB9FD}.Debug|x86.ActiveCfg = Debug|Win32
		{235DAAF3-FF58-422C-92CF-EEFBD82FB9FD}.Debug|x86.Build.0 = Debug|Win32
		{235DAAF3-FF58-422C-92CF-EEFBD82FB9FD}.Release|x64.ActiveCfg = Release|x64
		{235DAAF3-FF58-422C-92CF-EEFBD82FB9FD}.Release|x64.Build.0 = Release|x64
		{235DAAF3-FF58-422C-92CF-EEFBD82FB9FD}.Release|x86.ActiveCfg = Release|Win32
		{235DAAF3-FF58-422C-92CF-EEFBD82FB9FD}.Release|x86.Build.0 = Release|Win32
		{734038BA-17EC-49B0-BA31-568A6C221289}.Debug|x64.ActiveCfg = Debug|x64
		{734038BA-17EC-49B0-BA31-568A6C221289}.Debug|x64.Build.0 = Debug|x64
		{734038BA-17EC-49B0-BA31-568A6C221289}.Debug|x86.ActiveCfg = Debug|Win32
		{734038BA-17EC-49B0-BA31-568A6C221289}.Debug|x86.Build.0 = Debug|Win32
		{734038BA-17EC-49B0-BA31-568A6C221289}.Release|x64.ActiveCfg = Release|x64
		{734038BA-17EC-49B0-BA31-568A6C221289}.Release|x64.Build.0 = Release|x64
		{734038BA-17EC-49B0-BA31-568A6C221289}.Release|x86.ActiveCfg = Release|Win32
		{734038BA-17EC-49B0-BA31-568A6C221289}.Release|x86.Build.0 = Release|Win32
		{1B6EBED0-BBED-4C02-B89D-BE28F78535BE}.Debug|x64.ActiveCfg = Debug|x64
		{1B6EBED0-BBED-4C02-B89D-BE28F78535BE}.Debug|x64.Build.0 = Debug|x64
		{1B6EBED0-BBED-4C02-B89D-BE28F78535BE}.Debug|x86.ActiveCfg = Debug|Win32
		{1B6EBED0-BBED-4C02-B89D-BE28F78535BE}.Debug|x86.Build.0 = Debug|Win32
		{1B6EBED0-BBED-4C02-B89D-BE28F78535BE}.Release|x64.ActiveCfg = Release|x64
		{1B6EBED0-BBED-4C02-B89D-BE28F78535BE}.Release|x64.Build.0 = Release|x64
		{1B6EBED0-BBED-4C02-B89D-BE28F78535BE}.Release|x86.ActiveCfg = Release|Win32
		{1B6EBED0-BBED-4C02-B89D-BE28F78535BE}.Release|x86.Build.0 = Release|Win32
		{B5156EE2-6DF2-416E-AB91-6D1A9B57EA38}.Debug|x64.ActiveCfg = Debug|x64
		{B5156EE2-6DF2-416E-AB91-6D1A9B57EA38}.Debug|x64.Build.0 = Debug|x64
		{B5156EE2-6DF2-416E-AB91-6D1A9B57EA38}.Debug|x86.ActiveCfg = Debug|Win32
		{B5156EE2-6DF2-416E-AB91-6D1A9B57EA38}.Debug|x86.Build.0 = Debug|Win32
		{B5156EE2-6DF2-416E-AB91-6D1A9B57EA38}.Release|x64.ActiveCfg = Release|x64
		{B5156EE2-6DF2-416E-AB91-6D1A9B57EA38}.Release|x64.Build.0 = Release|x64
		{B5156EE2-6DF2-416E-AB91-6D1A9B57EA38}.Release|x86.ActiveCfg = Release|Win32
		{B5156EE2-6DF2-416E-AB91-6D1A9B57EA38}.Release|x86.Build.0 = Release|Win32
		{E78BF022-63C9-4C6E-8CDB-20CD1FC7F5ED}.Debug|x64.ActiveCfg = Debug|x64
		{E78BF022-63C9-4C6E-8CDB-20CD1FC7F5ED}.Debug|x64.Build.0 = Debug|x64
		{E78BF022-63C9-4C6E-8CDB-20CD1FC7F5ED}.Debug|x86.ActiveCfg = Debug|Win32
		{E78BF022-63C9-4C6E-8CDB-20CD1FC7F5ED}.Debug|x86.Build.0 = Debug|Win32
		{E78BF022-63C9-4C6E-8CDB-20CD1FC7F5ED}.Release|x64.ActiveCfg = Release|x64
		{E78BF022-63C9-4C6E-8CDB-20CD1FC7F5ED}.Release|x64.Build.0 = Release|x64
		{E78BF022-63C9-4C6E-8CDB-20CD1FC7F5ED}.Release|x86.ActiveCfg = Release|Win32
		{E78BF022-63C9-4C6E-8CDB-20CD1FC7F5ED}.Release|x86.Build.0 = Release|Win32
		{8CA03942-256C-405E-9B57-6E106F35F9E9}.Debug|x64.ActiveCfg = Debug|x64
		{8CA03942-256C-405E-9B57-6E106F35F9E9}.Debug|x64.Build.0 = Debug|x64
		{8CA03942-256C-405E-9B57-6E106F35F9E9}.Debug|x86.ActiveCfg = Debug|Win32
		{8CA03942-256C-405E-9B57-6E106F35F9E9}.Debug|x86.Build.0 = Debug|Win32
		{8CA03942-256C-405E-9B57-6E106F35F9E9}.Release|x64.ActiveCfg = Release|x64
		{8CA03942-256C-405E-9B57-6E106F35F9E9}.Release|x64.Build.0 = Release|x64
		{8CA03942-256C-405E-9B57-6E106F35F9E9}.Release|x86.ActiveCfg = Release|Win32
		{8CA03942-256C-405E-9B57-6E106F35F9E9}.Release|x86.Build.0 = Release|Win32
		{FFDE6242-6AE5-4C98-8949-48FB53A13AF3}.Debug|x64.ActiveCfg = Debug|x64
		{FFDE6242-6AE5-4C98-8949-48FB53A13AF3}.Debug|x64.Build.0 = Debug|x64
		{FFDE6242-6AE5-4C98-8949-48FB53A13AF3}.Debug|x86.ActiveCfg = Debug|Win32
		{FFDE6242-6AE5-4C98-8949-48FB53A13AF3}.Debug|x86.Build.0 = Debug|Win32
		{FFDE6242-6AE5-4C98-8949-48FB53A13AF3}.Release|x64.ActiveCfg = Release|x64
		{FFDE6242-6AE5-4C98-8949-48FB53A13AF3}.Release|x64.Build.0 = Release|x64
		{FFDE6242-6AE5-4C98-8949-48FB53A13AF3}.Release|x86.ActiveCfg = Release|Win32
		{FFDE6242-6AE5-4C98-8949-48FB53A13AF3}.Release|x86.Build.0 = Release|Win32
		{65942BBE-9671-458B-8816-15952E69B4F3}.Debug|x64.ActiveCfg = Debug|x64
		{65942BBE-9671-458B-8816-15952E69B4F3}.Debug|x64.Build.0 = Debug|x64
		{65942BBE-9671-458B-8816-15952E69B4F3}.Debug|x86.ActiveCfg = Debug|Win32
		{65942BBE-9671-458B-8816-15952E69B4F3}.Debug|x86.Build.0 = Debug|Win32
		{65942BBE-9671-458B-8816-15952E69B4F3}.Release|x64.ActiveCfg = Release|x64
		{65942BBE-9671-458B-8816-15952E69B4F3}.Release|x64.Build.0 = Release|x64
		{65942BBE-9671-458B-8816-15952E69B4F3}.Release|x86.ActiveCfg = Release|Win32
		{65942BBE-9671-458B-8816-15952E69B4F3}.Release|x86.Build.0 = Release|Win32
		{66182162-291A-4BE8-9832-E72727B5836B}.Debug|x64.ActiveCfg = Debug|x64
		{66182162-291A-4BE8-9832-E72727B5836B}.Debug|x64.Build.0 = Debug|x64
		{66182162-291A-4BE8-9832-E72727B5836B}.Debug|x86.ActiveCfg = Debug|Win32
		{66182162-291A-4BE8-9832-E72727B5836B}.Debug|x86.Build.0 = Debug|Win32
		{66182162-291A-4BE8-9832-E72727B5836B}.Release|x64.ActiveCfg = Release|x64
		{66182162-291A-4BE8-9832-E72727B5836B}.Release|x64.Build.0 = Release|x64
		{66182162-291A-4BE8-9832-E72727B5836B}.Release|x86.ActiveCfg = Release|Win32
		{66182162-291A-4BE8-9832-E72727B5836B}.Release|x86.Build.0 = Release|Win32
		{0A557C1C-77ED-457F-9603-B8C6CFB21819}.Debug|x64.ActiveCfg = Debug|x64
		{0A557C1C-77ED-457F-9603-B8C6CFB21819}.Debug|x64.Build.0 = Debug|x64
		{0A557C1C-77ED-457F-9603-B8C6CFB21819}.Debug|x86.ActiveCfg = Debug|Win32
		{0A557C1C-77ED-457F-9603-B8C6CFB21819}.Debug|x86.Build.0 = Debug|Win32
		{0A557C1C-77ED-457F-9603-B8C6CFB21819}.Release|x64.ActiveCfg = Release|x64
		{0A557C1C-77ED-457F-9603-B8C6CFB21819}.Release|x64.Build.0 = Release|x64
		{0A557C1C-77ED-457F-9603-B8C6CFB21819}.Release|x86.ActiveCfg = Release|Win32
		{0A557C1C-77ED-457F-9603-B8C6CFB21819}.Release|x86.Build.0 = Release|Win32
		{427B7369-4C1D-4625-8515-5C217EEB8E42}.Debug|x64.ActiveCfg = Debug|x64
		{427B7369-4C1D-4625-8515-5C217EEB8E42}.Debug|x64.Build.0 = Debug|x64
		{427B7369-4C1D-4625-8515-5C217EEB8E42}.Debug|x86.ActiveCfg = Debug|Win32
		{427B7369-4C1D-4625-8515-5C217EEB8E42}.Debug|x86.Build.0 = Debug|Win32
		{427B7369-4C1D-4625-8515-5C217EEB8E42}.Release|x64.ActiveCfg = Release|x64
		{427B7369-4C1D-4625-8515-5C217EEB8E42}.Release|x64.Build.0 = Release|x64
		{427B7369-4C1D-4625-8515-5C217EEB8E42}.Release|x86.ActiveCfg = Release|Win32
		{427B7369-4C1D-4625-8515-5C217EEB8E42}.Release|x86.Build.0 = Release|Win32
		{E3DE5E93-5411-4189-B0E8-3E5DF4449B2E}.Debug|x64.ActiveCfg = Debug|x64
		{E3DE5E93-5411-4189-B0E8-3E5DF4449B2E}.Debug|x64.Build.0 = Debug|x64
		{E3DE5E93-5411-4189-B0E8-3E5DF4449B2E}.Debug|x86.ActiveCfg = Debug|Win32
		{E3DE5E93-5411-4189-B0E8-3E5DF4449B2E}.Debug|x86.Build.0 = Debug|Win32
		{E3DE5E93-5411-4189-B0E8-3E5DF4449B2E}.Release|x64.ActiveCfg = Release|x64
		{E3DE5E93-5411-4189-B0E8-3E5DF4449B2E}.Release|x64.Build.0 = Release|x64
		{E3DE5E93-5411-4189-B0E8-3E5DF4449B2E}.Release|x86.ActiveCfg = Release|Win32
		{E3DE5E93-5411-4189-B0E8-3E5DF4449B2E}.Release|x86.Build.0 = Release|Win32
		{E2BD349C-7C5B-47C7-9928-3457447C6489}.Debug|x64.ActiveCfg = Debug|x64
		{E2BD349C-7C5B-47C7-9928-3457447C6489}.Debug|x64.Build.0 = Debug|x64
		{E2BD349C-7C5B-47C7-9928-3457447C6489}.Debug|x86.ActiveCfg = Debug|Win32
		{E2BD349C-7C5B-47C7-9928-3457447C6489}.Debug|x86.Build.0 = Debug|Win32
		{E2BD349C-7C5B-47C7-9928-3457447C6489}.Release|x64.ActiveCfg = Release|x64
		{E2BD349C-7C5B-47C7-9928-3457447C6489}.Release|x64.Build.0 = Release|x64
		{E2BD349C-7C5B-47C7-9928-3457447C6489}.Release|x86.ActiveCfg = Release|Win32
		{E2BD349C-7C5B-47C7-9928-3457447C6489}.Release|x86.Build.0 = Release|Win32
		{E3718E5C-577B-4D8A-8933-DD0BE60A19ED}.Debug|x64.ActiveCfg = Debug|x64
		{E3718E5C-577B-4D8A-8933-DD0BE60A19ED}.Debug|x64.Build.0 = Debug|x64
		{E3718E5C-577B-4D8A-8933-DD0BE60A19ED}.Debug|x86.ActiveCfg = Debug|Win32
		{E3718E5C-577B-4D8A-8933-DD0BE60A19ED}.Debug|x86.Build.0 = Debug|Win32
		{E3718E5C-577B-4D8A-8933-DD0BE60A19ED}.Release|x64.ActiveCfg = Release|x64
		{E3718E5C-577B-4D8A-8933-DD0BE60A19ED}.Release|x64.Build.0 = Release|x64
		{E3718E5C-577B-4D8A-8933-DD0BE60A19ED}.Release|x86.ActiveCfg = Release|Win32
		{E3718E5C-577B-4D8A-8933-DD0BE60A19ED}.Release|x86.Build.0 = Release|Win32
		{D409CFA4-E19E-473A-86EB-4468BA7264A1}.Debug|x64.ActiveCfg = Debug|x64
		{D409CFA4-E19E-473A-86EB-4468BA7264A1}.Debug|x64.Build.0 = Debug|x64
		{D409CFA4-E19E-473A-86EB-4468BA7264A1}.Debug|x86.ActiveCfg = Debug|Win32
		{D409CFA4-E19E-473A-86EB-4468BA7264A1}.Debug|x86.Build.0 = Debug|Win32
		{D409CFA4-E19E-473A-86EB-4468BA7264A1}.Release|x64.ActiveCfg = Release|x64
		{D409CFA4-E19E-473A-86EB-4468BA7264A1}.Release|x64.Build.0 = Release|x64
		{D409CFA4-E19E-473A-86EB-4468BA7264A1}.Release|x86.ActiveCfg = Release|Win32
		{D409CFA4-E19E-473A-86EB-4468BA7264A1}.Release|x86.Build.0 = Release|Win32
		{E607A7AF-92A4-4AF7-A09B-75F58B659369}.Debug|x64.ActiveCfg = Debug|x64
		{E607A7AF-92A4-4AF7-A09B-75F58B659369}.Debug|x64.Build.0 = Debug|x64
		{E607A7AF-92A4-4AF7-A09B-75F58B659369}.Debug|x86.ActiveCfg = Debug|Win32
		{E607A7AF-92A4-4AF7-A09B-75F58B659369}.Debug|x86.Build.0 = Debug|Win32
		{E607A7AF-92A4-4AF7-A09B-75F58B659369}.Release|x64.ActiveCfg = Release|x64
		{E607A7AF-92A4-4AF7-A09B-75F58B659369}.Release|x64.Build.0 = Release|x64
		{E607A7AF-92A4-4AF7-A09B-75F58B659369}.Release|x86.ActiveCfg = Release|Win32
		{E607A7AF-92A4-4AF7-A09B-75F58B659369}.Release|x86.Build.0 = Release|Win32
		{E5E484C8-23EF-4F6D-92A2-DF88E85F1E1C}.Debug|x64.ActiveCfg = Debug|x64
		{E5E484C8-23EF-4F6D-92A2-DF88E85F1E1C}.Debug|x64.Build.0 = Debug|x64
		{E5E484C8-23EF-4F6D-92A2-DF88E85F1E1C}.Debug|x86.ActiveCfg = Debug|Win32
		{E5E484C8-23EF-4F6D-92A2-DF88E85F1E1C}.Debug|x86.Build.0 = Debug|Win32
		{E5E484C8-23EF-4F6D-92A2-DF88E85F1E1C}.Release|x64.ActiveCfg = Release|x64
		{E5E484C8-23EF-4F6D-92A2-DF88E85F1E1C}.Release|x64.Build.0 = Release|x64
		{E5E484C8-23EF-4F6D-92A2-DF88E85F1E1C}.Release|x86.ActiveCfg = Release|Win32
		{E5E484C8-23EF-4F6D-92A2-DF88E85F1E1C}.Release|x86.Build.0 = Release|Win32
		{1BA27C46-F5DB-45B0-998D-9CB5DC1FA16B}.Debug|x64.ActiveCfg = Debug|x64
		{1BA27C46-F5DB-45B0-998D-9CB5DC1FA16B}.Debug|x64.Build.0 = Debug|x64
		{1BA27C46-F5DB-45B0-998D-9CB5DC1FA16B}.Debug|x86.ActiveCfg = Debug|Win32
		{1BA27C46-F5DB-45B0-998D-9CB5DC1FA16B}.Debug|x86.Build.0 = Debug|Win32
		{1BA27C46-F5DB-45B0-998D-9CB5DC1FA16B}.Release|x64.ActiveCfg = Release|x64
		{1BA27C46-F5DB-45B0-998D-9CB5DC1FA16B}.Release|x64.Build.0 = Release|x64
		{1BA27C46-F5DB-45B0-998D-9CB5DC1FA16B}.Release|x86.ActiveCfg = Release|Win32
		{1BA27C46-F5DB-45B0-998D-9CB5DC1FA16B}.Release|x86.Build.0 = Release|Win32
		{33701883-5F04-4BAF-87FE-D62504BA4AF1}.Debug|x64.ActiveCfg = Debug|x64
		{33701883-5F04-4BAF-87FE-D62504BA4AF1}.Debug|x64.Build.0 = Debug|x64
		{33701883-5F04-4BAF-87FE-D62504BA4AF1}.Debug|x86.ActiveCfg = Debug|Win32
		{33701883-5F04-4BAF-87FE-D62504BA4AF1}.Debug|x86.Build.0 = Debug|Win32
		{33701883-5F04-4BAF-87FE-D62504BA4AF1}.Release|x64.ActiveCfg = Release|x64
		{33701883-5F04-4BAF-87FE-D62504BA4AF1}.Release|x64.Build.0 = Release|x64
		{33701883-5F04-4BAF-87FE-D62504BA4AF1}.Release|x86.ActiveCfg = Release|Win32
		{33701883-5F04-4BAF-87FE-D62504BA4AF1}.Release|x86.Build.0 = Release|Win32
	EndGlobalSection
	GlobalSection(SolutionProperties) = preSolution
		HideSolutionNode = FALSE
	EndGlobalSection
	GlobalSection(NestedProjects) = preSolution
		{F3D57FBF-E601-4638-96F5-0328732865FA} = {78F9A9CC-782A-449E-86D8-0D8752F7872B}
		{6E47E31B-DFE5-463D-B7C6-442AB59CEA92} = {91046925-4DD9-4C87-907D-9488E3DB93AF}
		{9F0744C5-9FE2-4FE0-B65E-9CA627B5534D} = {91046925-4DD9-4C87-907D-9488E3DB93AF}
		{E6E64327-FFD0-408C-9B18-31066AD7DEAC} = {91046925-4DD9-4C87-907D-9488E3DB93AF}
		{91B39347-84B4-43DF-8552-AFC76577BF04} = {78F9A9CC-782A-449E-86D8-0D8752F7872B}
		{996EC138-D259-4C41-85AB-57A52BB43765} = {4891CB09-CA1D-4C74-8206-E16A5EBA8B97}
		{6D0424DA-9CE8-4D04-BDC4-ADFDE0ACB391} = {08570573-75BE-4F17-B36A-993E26C23465}
		{7D65C45C-7D3A-474F-829B-71B5548EBA36} = {08570573-75BE-4F17-B36A-993E26C23465}
		{235DAAF3-FF58-422C-92CF-EEFBD82FB9FD} = {08570573-75BE-4F17-B36A-993E26C23465}
		{734038BA-17EC-49B0-BA31-568A6C221289} = {93ED9712-0F03-4D9F-A309-23C747CDAC23}
		{1B6EBED0-BBED-4C02-B89D-BE28F78535BE} = {93ED9712-0F03-4D9F-A309-23C747CDAC23}
		{B5156EE2-6DF2-416E-AB91-6D1A9B57EA38} = {93ED9712-0F03-4D9F-A309-23C747CDAC23}
		{E78BF022-63C9-4C6E-8CDB-20CD1FC7F5ED} = {17BD49FF-5547-4AAD-AED0-8F9327E372E0}
		{8CA03942-256C-405E-9B57-6E106F35F9E9} = {17BD49FF-5547-4AAD-AED0-8F9327E372E0}
		{FFDE6242-6AE5-4C98-8949-48FB53A13AF3} = {17BD49FF-5547-4AAD-AED0-8F9327E372E0}
		{65942BBE-9671-458B-8816-15952E69B4F3} = {9EB82283-F0B0-44B5-9C4D-12E8B0F5129D}
		{66182162-291A-4BE8-9832-E72727B5836B} = {21029858-FD03-4B3D-A9C6-5B1B653B24E6}
		{0A557C1C-77ED-457F-9603-B8C6CFB21819} = {21029858-FD03-4B3D-A9C6-5B1B653B24E6}
		{427B7369-4C1D-4625-8515-5C217EEB8E42} = {21029858-FD03-4B3D-A9C6-5B1B653B24E6}
		{E3DE5E93-5411-4189-B0E8-3E5DF4449B2E} = {21029858-FD03-4B3D-A9C6-5B1B653B24E6}
		{E2BD349C-7C5B-47C7-9928-3457447C6489} = {130A2E16-015A-4007-8B3F-50F831625538}
		{E3718E5C-577B-4D8A-8933-DD0BE60A19ED} = {816F31E7-80CD-42DD-B378-9F0E801ABC5C}
		{D409CFA4-E19E-473A-86EB-4468BA7264A1} = {816F31E7-80CD-42DD-B378-9F0E801ABC5C}
		{E607A7AF-92A4-4AF7-A09B-75F58B659369} = {816F31E7-80CD-42DD-B378-9F0E801ABC5C}
		{E5E484C8-23EF-4F6D-92A2-DF88E85F1E1C} = {130A2E16-015A-4007-8B3F-50F831625538}
		{1BA27C46-F5DB-45B0-998D-9CB5DC1FA16B} = {9FEE1E54-FBB9-4405-BA5E-D7870BAAB2DF}
		{33701883-5F04-4BAF-87FE-D62504BA4AF1} = {30B88F3E-2680-41A2-9869-D98BE4F904F6}
	EndGlobalSection
	GlobalSection(ExtensibilityGlobals) = postSolution
		SolutionGuid = {6330CD7D-6F95-4AC2-87D2-3C5552650324}
	EndGlobalSection
EndGlobal
